
Microsoft Visual Studio Solution File, Format Version 11.00
# Visual Studio 2010
Project("{8BC9CEB8-8B4A-11D0-8D11-00A0C91BC942}") = "day2_1", "day2_1\day2_1.vcxproj", "{91AD24C1-7033-4AFD-BA20-85EF6D253C55}"
EndProject
Project("{8BC9CEB8-8B4A-11D0-8D11-00A0C91BC942}") = "day2_2", "day2_2\day2_2.vcxproj", "{A22569EB-2FF3-41C5-886D-5FD2675B02F2}"
EndProject
Project("{8BC9CEB8-8B4A-11D0-8D11-00A0C91BC942}") = "day2_3", "day2_3\day2_3.vcxproj", "{C2692085-A6BB-4639-8130-B12CE8DE3460}"
EndProject
Project("{8BC9CEB8-8B4A-11D0-8D11-00A0C91BC942}") = "day2_4", "day2_4\day2_4.vcxproj", "{8396ED84-B66C-425F-A976-CE5D550D03F2}"
EndProject
Project("{8BC9CEB8-8B4A-11D0-8D11-00A0C91BC942}") = "day2_5", "dya2_5\dya2_5.vcxproj", "{58729A3B-D754-4A69-BA2C-AB53B3FF8966}"
EndProject
Project("{8BC9CEB8-8B4A-11D0-8D11-00A0C91BC942}") = "day2_6", "day2_6\day2_6.vcxproj", "{1927A7D0-6457-4526-9165-9080F207A3E5}"
EndProject
Project("{8BC9CEB8-8B4A-11D0-8D11-00A0C91BC942}") = "day2_9", "dya2_function\dya2_function.vcxproj", "{26BFBBF0-B7FE-48AC-A2AE-DE8E2728FDF1}"
EndProject
Project("{8BC9CEB8-8B4A-11D0-8D11-00A0C91BC942}") = "day2_10", "day2_10\day2_10.vcxproj", "{E1C39AB4-1A62-48CB-95DD-6CF3C34DC36A}"
EndProject
Project("{8BC9CEB8-8B4A-11D0-8D11-00A0C91BC942}") = "day2_7", "day2_7\day2_7.vcxproj", "{51CACD2B-CED3-4CB9-B1D6-58BEBD0555CB}"
EndProject
Project("{8BC9CEB8-8B4A-11D0-8D11-00A0C91BC942}") = "day2_8", "day2_8\day2_8.vcxproj", "{12EDD1CF-9D20-4F41-AF09-D5207995D35A}"
EndProject
Project("{8BC9CEB8-8B4A-11D0-8D11-00A0C91BC942}") = "day2_11", "day2_11\day2_11.vcxproj", "{29EBE89C-8DA9-4F4D-9BED-E68D83F86334}"
EndProject
Project("{8BC9CEB8-8B4A-11D0-8D11-00A0C91BC942}") = "day2_12", "day2_12\day2_12.vcxproj", "{FE94BA64-771F-4EC7-BFA6-1B48C2D0777A}"
EndProject
Project("{8BC9CEB8-8B4A-11D0-8D11-00A0C91BC942}") = "day2_13", "day2_13\day2_13.vcxproj", "{E594132D-B9D0-4345-9A8B-093A2D9A4390}"
EndProject
Global
	GlobalSection(SolutionConfigurationPlatforms) = preSolution
		Debug|Win32 = Debug|Win32
		Release|Win32 = Release|Win32
	EndGlobalSection
	GlobalSection(ProjectConfigurationPlatforms) = postSolution
		{91AD24C1-7033-4AFD-BA20-85EF6D253C55}.Debug|Win32.ActiveCfg = Debug|Win32
		{91AD24C1-7033-4AFD-BA20-85EF6D253C55}.Debug|Win32.Build.0 = Debug|Win32
		{91AD24C1-7033-4AFD-BA20-85EF6D253C55}.Release|Win32.ActiveCfg = Release|Win32
		{91AD24C1-7033-4AFD-BA20-85EF6D253C55}.Release|Win32.Build.0 = Release|Win32
		{A22569EB-2FF3-41C5-886D-5FD2675B02F2}.Debug|Win32.ActiveCfg = Debug|Win32
		{A22569EB-2FF3-41C5-886D-5FD2675B02F2}.Debug|Win32.Build.0 = Debug|Win32
		{A22569EB-2FF3-41C5-886D-5FD2675B02F2}.Release|Win32.ActiveCfg = Release|Win32
		{A22569EB-2FF3-41C5-886D-5FD2675B02F2}.Release|Win32.Build.0 = Release|Win32
		{C2692085-A6BB-4639-8130-B12CE8DE3460}.Debug|Win32.ActiveCfg = Debug|Win32
		{C2692085-A6BB-4639-8130-B12CE8DE3460}.Debug|Win32.Build.0 = Debug|Win32
		{C2692085-A6BB-4639-8130-B12CE8DE3460}.Release|Win32.ActiveCfg = Release|Win32
		{C2692085-A6BB-4639-8130-B12CE8DE3460}.Release|Win32.Build.0 = Release|Win32
		{8396ED84-B66C-425F-A976-CE5D550D03F2}.Debug|Win32.ActiveCfg = Debug|Win32
		{8396ED84-B66C-425F-A976-CE5D550D03F2}.Debug|Win32.Build.0 = Debug|Win32
		{8396ED84-B66C-425F-A976-CE5D550D03F2}.Release|Win32.ActiveCfg = Release|Win32
		{8396ED84-B66C-425F-A976-CE5D550D03F2}.Release|Win32.Build.0 = Release|Win32
		{58729A3B-D754-4A69-BA2C-AB53B3FF8966}.Debug|Win32.ActiveCfg = Debug|Win32
		{58729A3B-D754-4A69-BA2C-AB53B3FF8966}.Debug|Win32.Build.0 = Debug|Win32
		{58729A3B-D754-4A69-BA2C-AB53B3FF8966}.Release|Win32.ActiveCfg = Release|Win32
		{58729A3B-D754-4A69-BA2C-AB53B3FF8966}.Release|Win32.Build.0 = Release|Win32
		{1927A7D0-6457-4526-9165-9080F207A3E5}.Debug|Win32.ActiveCfg = Debug|Win32
		{1927A7D0-6457-4526-9165-9080F207A3E5}.Debug|Win32.Build.0 = Debug|Win32
		{1927A7D0-6457-4526-9165-9080F207A3E5}.Release|Win32.ActiveCfg = Release|Win32
		{1927A7D0-6457-4526-9165-9080F207A3E5}.Release|Win32.Build.0 = Release|Win32
		{26BFBBF0-B7FE-48AC-A2AE-DE8E2728FDF1}.Debug|Win32.ActiveCfg = Debug|Win32
		{26BFBBF0-B7FE-48AC-A2AE-DE8E2728FDF1}.Debug|Win32.Build.0 = Debug|Win32
		{26BFBBF0-B7FE-48AC-A2AE-DE8E2728FDF1}.Release|Win32.ActiveCfg = Release|Win32
		{26BFBBF0-B7FE-48AC-A2AE-DE8E2728FDF1}.Release|Win32.Build.0 = Release|Win32
		{E1C39AB4-1A62-48CB-95DD-6CF3C34DC36A}.Debug|Win32.ActiveCfg = Debug|Win32
		{E1C39AB4-1A62-48CB-95DD-6CF3C34DC36A}.Debug|Win32.Build.0 = Debug|Win32
		{E1C39AB4-1A62-48CB-95DD-6CF3C34DC36A}.Release|Win32.ActiveCfg = Release|Win32
		{E1C39AB4-1A62-48CB-95DD-6CF3C34DC36A}.Release|Win32.Build.0 = Release|Win32
		{51CACD2B-CED3-4CB9-B1D6-58BEBD0555CB}.Debug|Win32.ActiveCfg = Debug|Win32
		{51CACD2B-CED3-4CB9-B1D6-58BEBD0555CB}.Debug|Win32.Build.0 = Debug|Win32
		{51CACD2B-CED3-4CB9-B1D6-58BEBD0555CB}.Release|Win32.ActiveCfg = Release|Win32
		{51CACD2B-CED3-4CB9-B1D6-58BEBD0555CB}.Release|Win32.Build.0 = Release|Win32
		{12EDD1CF-9D20-4F41-AF09-D5207995D35A}.Debug|Win32.ActiveCfg = Debug|Win32
		{12EDD1CF-9D20-4F41-AF09-D5207995D35A}.Debug|Win32.Build.0 = Debug|Win32
		{12EDD1CF-9D20-4F41-AF09-D5207995D35A}.Release|Win32.ActiveCfg = Release|Win32
		{12EDD1CF-9D20-4F41-AF09-D5207995D35A}.Release|Win32.Build.0 = Release|Win32
		{29EBE89C-8DA9-4F4D-9BED-E68D83F86334}.Debug|Win32.ActiveCfg = Debug|Win32
		{29EBE89C-8DA9-4F4D-9BED-E68D83F86334}.Debug|Win32.Build.0 = Debug|Win32
		{29EBE89C-8DA9-4F4D-9BED-E68D83F86334}.Release|Win32.ActiveCfg = Release|Win32
		{29EBE89C-8DA9-4F4D-9BED-E68D83F86334}.Release|Win32.Build.0 = Release|Win32
		{FE94BA64-771F-4EC7-BFA6-1B48C2D0777A}.Debug|Win32.ActiveCfg = Debug|Win32
		{FE94BA64-771F-4EC7-BFA6-1B48C2D0777A}.Debug|Win32.Build.0 = Debug|Win32
		{FE94BA64-771F-4EC7-BFA6-1B48C2D0777A}.Release|Win32.ActiveCfg = Release|Win32
		{FE94BA64-771F-4EC7-BFA6-1B48C2D0777A}.Release|Win32.Build.0 = Release|Win32
		{E594132D-B9D0-4345-9A8B-093A2D9A4390}.Debug|Win32.ActiveCfg = Debug|Win32
		{E594132D-B9D0-4345-9A8B-093A2D9A4390}.Debug|Win32.Build.0 = Debug|Win32
		{E594132D-B9D0-4345-9A8B-093A2D9A4390}.Release|Win32.ActiveCfg = Release|Win32
		{E594132D-B9D0-4345-9A8B-093A2D9A4390}.Release|Win32.Build.0 = Release|Win32
	EndGlobalSection
	GlobalSection(SolutionProperties) = preSolution
		HideSolutionNode = FALSE
	EndGlobalSection
EndGlobal
